
Microsoft Visual Studio Solution File, Format Version 12.00
# Visual Studio Version 17
VisualStudioVersion = 17.4.33213.308
MinimumVisualStudioVersion = 10.0.40219.1
Project("{FAE04EC0-301F-11D3-BF4B-00C04F79EFBC}") = "kids", "kids.csproj", "{27817B56-68BB-4A8E-B6AC-F8A0882DBDF1}"
EndProject
Global
	GlobalSection(SolutionConfigurationPlatforms) = preSolution
		Debug|Any CPU = Debug|Any CPU
		Release|Any CPU = Release|Any CPU
	EndGlobalSection
	GlobalSection(ProjectConfigurationPlatforms) = postSolution
		{27817B56-68BB-4A8E-B6AC-F8A0882DBDF1}.Debug|Any CPU.ActiveCfg = Debug|Any CPU
		{27817B56-68BB-4A8E-B6AC-F8A0882DBDF1}.Debug|Any CPU.Build.0 = Debug|Any CPU
		{27817B56-68BB-4A8E-B6AC-F8A0882DBDF1}.Release|Any CPU.ActiveCfg = Release|Any CPU
		{27817B56-68BB-4A8E-B6AC-F8A0882DBDF1}.Release|Any CPU.Build.0 = Release|Any CPU
	EndGlobalSection
	GlobalSection(SolutionProperties) = preSolution
		HideSolutionNode = FALSE
	EndGlobalSection
	GlobalSection(ExtensibilityGlobals) = postSolution
		SolutionGuid = {D0AA2644-CC88-498F-A571-327F02E37834}
	EndGlobalSection
EndGlobal
